
Microsoft Visual Studio Solution File, Format Version 12.00
# Visual Studio 15
VisualStudioVersion = 15.0.27428.2037
MinimumVisualStudioVersion = 10.0.40219.1
Project("{9A19103F-16F7-4668-BE54-9A1E7A4F7556}") = "IVRConsoleApp", "IVRConsoleApp\IVRConsoleApp.csproj", "{B39DC2F1-0FBC-4659-BDDC-1D882519E57B}"
EndProject
Global
	GlobalSection(SolutionConfigurationPlatforms) = preSolution
		Debug|Any CPU = Debug|Any CPU
		Release|Any CPU = Release|Any CPU
	EndGlobalSection
	GlobalSection(ProjectConfigurationPlatforms) = postSolution
		{B39DC2F1-0FBC-4659-BDDC-1D882519E57B}.Debug|Any CPU.ActiveCfg = Debug|Any CPU
		{B39DC2F1-0FBC-4659-BDDC-1D882519E57B}.Debug|Any CPU.Build.0 = Debug|Any CPU
		{B39DC2F1-0FBC-4659-BDDC-1D882519E57B}.Release|Any CPU.ActiveCfg = Release|Any CPU
		{B39DC2F1-0FBC-4659-BDDC-1D882519E57B}.Release|Any CPU.Build.0 = Release|Any CPU
	EndGlobalSection
	GlobalSection(SolutionProperties) = preSolution
		HideSolutionNode = FALSE
	EndGlobalSection
	GlobalSection(ExtensibilityGlobals) = postSolution
		SolutionGuid = {B96F8259-62CD-4DD1-83C8-5B84FEA7DDF0}
	EndGlobalSection
EndGlobal
